
Microsoft Visual Studio Solution File, Format Version 12.00
# Visual Studio Version 16
VisualStudioVersion = 16.0.30804.86
MinimumVisualStudioVersion = 10.0.40219.1
Project("{FAE04EC0-301F-11D3-BF4B-00C04F79EFBC}") = "lab2", "lab2\lab2.csproj", "{59044CBC-40AF-46D7-824B-C4BCA2B68D33}"
EndProject
Global
	GlobalSection(SolutionConfigurationPlatforms) = preSolution
		Debug|Any CPU = Debug|Any CPU
		Release|Any CPU = Release|Any CPU
	EndGlobalSection
	GlobalSection(ProjectConfigurationPlatforms) = postSolution
		{59044CBC-40AF-46D7-824B-C4BCA2B68D33}.Debug|Any CPU.ActiveCfg = Debug|Any CPU
		{59044CBC-40AF-46D7-824B-C4BCA2B68D33}.Debug|Any CPU.Build.0 = Debug|Any CPU
		{59044CBC-40AF-46D7-824B-C4BCA2B68D33}.Release|Any CPU.ActiveCfg = Release|Any CPU
		{59044CBC-40AF-46D7-824B-C4BCA2B68D33}.Release|Any CPU.Build.0 = Release|Any CPU
	EndGlobalSection
	GlobalSection(SolutionProperties) = preSolution
		HideSolutionNode = FALSE
	EndGlobalSection
	GlobalSection(ExtensibilityGlobals) = postSolution
		SolutionGuid = {CDDF710E-8998-4145-AE5B-F892D2FA601B}
	EndGlobalSection
EndGlobal
